{
  "name": "bsocalendar",
  "version": "1.0.0",
  "lockfileVersion": 2,
  "requires": true,
  "packages": {
    "": {
      "name": "bsocalendar",
      "version": "1.0.0",
      "license": "ISC",
      "dependencies": {
        "@datastructures-js/binary-search-tree": "^5.3.1"
      }
    },
    "node_modules/@datastructures-js/binary-search-tree": {
      "version": "5.3.1",
      "resolved": "https://registry.npmjs.org/@datastructures-js/binary-search-tree/-/binary-search-tree-5.3.1.tgz",
      "integrity": "sha512-FgNcahe8U9yaofirAzXUs+gLhR+z6sQgAKnIjdGyBLLemFhrsqyJIHyWxnGWtekELbH9XAUJ8/WezNYNDtPetA=="
    }
  },
  "dependencies": {
    "@datastructures-js/binary-search-tree": {
      "version": "5.3.1",
      "resolved": "https://registry.npmjs.org/@datastructures-js/binary-search-tree/-/binary-search-tree-5.3.1.tgz",
      "integrity": "sha512-FgNcahe8U9yaofirAzXUs+gLhR+z6sQgAKnIjdGyBLLemFhrsqyJIHyWxnGWtekELbH9XAUJ8/WezNYNDtPetA=="
    }
  }
}
